
Microsoft Visual Studio Solution File, Format Version 12.00
# Visual Studio Version 16
VisualStudioVersion = 16.0.30204.135
MinimumVisualStudioVersion = 10.0.40219.1
Project("{FAE04EC0-301F-11D3-BF4B-00C04F79EFBC}") = "Project03", "Project03.csproj", "{4C7A7C8F-98B4-476D-8891-CF0F5EAA37F9}"
EndProject
Global
	GlobalSection(SolutionConfigurationPlatforms) = preSolution
		Debug|Any CPU = Debug|Any CPU
		Release|Any CPU = Release|Any CPU
	EndGlobalSection
	GlobalSection(ProjectConfigurationPlatforms) = postSolution
		{4C7A7C8F-98B4-476D-8891-CF0F5EAA37F9}.Debug|Any CPU.ActiveCfg = Debug|Any CPU
		{4C7A7C8F-98B4-476D-8891-CF0F5EAA37F9}.Debug|Any CPU.Build.0 = Debug|Any CPU
		{4C7A7C8F-98B4-476D-8891-CF0F5EAA37F9}.Release|Any CPU.ActiveCfg = Release|Any CPU
		{4C7A7C8F-98B4-476D-8891-CF0F5EAA37F9}.Release|Any CPU.Build.0 = Release|Any CPU
	EndGlobalSection
	GlobalSection(SolutionProperties) = preSolution
		HideSolutionNode = FALSE
	EndGlobalSection
	GlobalSection(ExtensibilityGlobals) = postSolution
		SolutionGuid = {D8899B60-58C2-4BC9-8738-6D5D57AB2E6F}
	EndGlobalSection
EndGlobal
